<?xml version="1.0" encoding="utf-8"?>
<Project ToolsVersion="4.0" xmlns="http://schemas.microsoft.com/developer/msbuild/2003">
  <ItemGroup>
    <Filter Include="File di origine">
      <UniqueIdentifier>{4FC737F1-C7A5-4376-A066-2A32D752A2FF}</UniqueIdentifier>
      <Extensions>cpp;c;cc;cxx;def;odl;idl;hpj;bat;asm;asmx</Extensions>
    </Filter>
    <Filter Include="File di intestazione">
      <UniqueIdentifier>{93995380-89BD-4b04-88EB-625FBE52EBFB}</UniqueIdentifier>
      <Extensions>h;hpp;hxx;hm;inl;inc;xsd</Extensions>
    </Filter>
    <Filter Include="File di risorse">
      <UniqueIdentifier>{67DA6AB6-F800-4c08-8B7A-83BB121AAD01}</UniqueIdentifier>
      <Extensions>rc;ico;cur;bmp;dlg;rc2;rct;bin;rgs;gif;jpg;jpeg;jpe;resx;tiff;tif;png;wav;mfcribbon-ms</Extensions>
    </Filter>
    <Filter Include="File di intestazione\storage">
      <UniqueIdentifier>{3beaeead-d9e8-4d03-9d16-a81c6b1eac78}</UniqueIdentifier>
    </Filter>
    <Filter Include="File di origine\storage">
      <UniqueIdentifier>{843305d1-318f-4bba-96e0-74b56a077f2b}</UniqueIdentifier>
    </Filter>
  </ItemGroup>
  <ItemGroup>
    <ClCompile Include="main.cpp">
      <Filter>File di origine</Filter>
    </ClCompile>
    <ClCompile Include="endian.cpp">
      <Filter>File di origine</Filter>
    </ClCompile>
    <ClCompile Include="utils.cpp">
      <Filter>File di origine</Filter>
    </ClCompile>
    <ClCompile Include="NodeConnection.cpp">
      <Filter>File di origine</Filter>
    </ClCompile>
    <ClCompile Include="packet.cpp">
      <Filter>File di origine</Filter>
    </ClCompile>
    <ClCompile Include="BitMRC.cpp">
      <Filter>File di origine</Filter>
    </ClCompile>
    <ClCompile Include="base58.cpp">
      <Filter>File di origine</Filter>
    </ClCompile>
    <ClCompile Include="pow.cpp">
      <Filter>File di origine</Filter>
    </ClCompile>
    <ClCompile Include="Addr.cpp">
      <Filter>File di origine</Filter>
    </ClCompile>
    <ClCompile Include="NodeBlacklist.cpp">
      <Filter>File di origine</Filter>
    </ClCompile>
    <ClCompile Include="Storage\Storable.cpp">
      <Filter>File di origine\storage</Filter>
    </ClCompile>
    <ClCompile Include="Storage\Storage_sqlite3.cpp">
      <Filter>File di origine\storage</Filter>
    </ClCompile>
    <ClCompile Include="Storage\Unique_Key.cpp">
      <Filter>File di origine\storage</Filter>
    </ClCompile>
    <ClCompile Include="Storage\ColumnSpec.cpp">
      <Filter>File di origine\storage</Filter>
    </ClCompile>
    <ClCompile Include="Storage\QueryResult.cpp">
      <Filter>File di origine\storage</Filter>
    </ClCompile>
    <ClCompile Include="Storage\QueryResultElement.cpp">
      <Filter>File di origine\storage</Filter>
    </ClCompile>
    <ClCompile Include="Storage\RowSpec.cpp">
      <Filter>File di origine\storage</Filter>
    </ClCompile>
    <ClCompile Include="Storage\StorableConfiguration.cpp">
      <Filter>File di origine\storage</Filter>
    </ClCompile>
    <ClCompile Include="Storage\StorableQueryConfig.cpp">
      <Filter>File di origine\storage</Filter>
    </ClCompile>
    <ClCompile Include="Storage\Storage_mysql.cpp">
      <Filter>File di origine\storage</Filter>
    </ClCompile>
    <ClCompile Include="Configuration.cpp">
      <Filter>File di origine</Filter>
    </ClCompile>
  </ItemGroup>
  <ItemGroup>
    <ClInclude Include="include\NodeBlacklist.h">
      <Filter>File di intestazione</Filter>
    </ClInclude>
    <ClInclude Include="include\Addr.h">
      <Filter>File di intestazione</Filter>
    </ClInclude>
    <ClInclude Include="include\base58.h">
      <Filter>File di intestazione</Filter>
    </ClInclude>
    <ClInclude Include="include\BitMRC.h">
      <Filter>File di intestazione</Filter>
    </ClInclude>
    <ClInclude Include="include\bitmrc_endian.h">
      <Filter>File di intestazione</Filter>
    </ClInclude>
    <ClInclude Include="include\main.h">
      <Filter>File di intestazione</Filter>
    </ClInclude>
    <ClInclude Include="include\NodeConnection.h">
      <Filter>File di intestazione</Filter>
    </ClInclude>
    <ClInclude Include="include\Packet.h">
      <Filter>File di intestazione</Filter>
    </ClInclude>
    <ClInclude Include="include\pow.h">
      <Filter>File di intestazione</Filter>
    </ClInclude>
    <ClInclude Include="include\types.h">
      <Filter>File di intestazione</Filter>
    </ClInclude>
    <ClInclude Include="include\utils.h">
      <Filter>File di intestazione</Filter>
    </ClInclude>
    <ClInclude Include="include\Storage\StorageInterface.h">
      <Filter>File di intestazione\storage</Filter>
    </ClInclude>
    <ClInclude Include="include\Storage\Storage_sqlite3.h">
      <Filter>File di intestazione\storage</Filter>
    </ClInclude>
    <ClInclude Include="include\Storage\Storage.h">
      <Filter>File di intestazione\storage</Filter>
    </ClInclude>
    <ClInclude Include="include\Storage\Storable.h">
      <Filter>File di intestazione\storage</Filter>
    </ClInclude>
    <ClInclude Include="include\Storage\Unique_Key.h">
      <Filter>File di intestazione\storage</Filter>
    </ClInclude>
    <ClInclude Include="include\Storage\ColumnSpec.h">
      <Filter>File di intestazione\storage</Filter>
    </ClInclude>
    <ClInclude Include="include\Storage\QueryResult.h">
      <Filter>File di intestazione\storage</Filter>
    </ClInclude>
    <ClInclude Include="include\Storage\QueryResultElement.h">
      <Filter>File di intestazione\storage</Filter>
    </ClInclude>
    <ClInclude Include="include\Storage\RowSpec.h">
      <Filter>File di intestazione\storage</Filter>
    </ClInclude>
    <ClInclude Include="include\Storage\SQLiteLinux.h">
      <Filter>File di intestazione\storage</Filter>
    </ClInclude>
    <ClInclude Include="include\Storage\StorableConfiguration.h">
      <Filter>File di intestazione\storage</Filter>
    </ClInclude>
    <ClInclude Include="include\Storage\StorableQueryConfig.h">
      <Filter>File di intestazione\storage</Filter>
    </ClInclude>
    <ClInclude Include="include\Storage\Storage_mysql.h">
      <Filter>File di intestazione\storage</Filter>
    </ClInclude>
    <ClInclude Include="include\Configuration.h">
      <Filter>File di intestazione</Filter>
    </ClInclude>
  </ItemGroup>
</Project>